{
  "version": 4,
  "terraform_version": "1.7.3",
  "serial": 31,
  "lineage": "528c7983-495e-4656-b8c5-286d6d90f80a",
  "outputs": {},
  "resources": [
    {
      "mode": "managed",
      "type": "aws_db_instance",
      "name": "vprofile-rds",
      "provider": "provider[\"registry.terraform.io/hashicorp/aws\"]",
      "instances": [
        {
          "schema_version": 2,
          "attributes": {
            "address": "terraform-20240227015009494200000005.cjpt7xukblqm.us-east-2.rds.amazonaws.com",
            "allocated_storage": 20,
            "allow_major_version_upgrade": null,
            "apply_immediately": false,
            "arn": "arn:aws:rds:us-east-2:986868443354:db:terraform-20240227015009494200000005",
            "auto_minor_version_upgrade": true,
            "availability_zone": "us-east-2c",
            "backup_retention_period": 0,
            "backup_target": "region",
            "backup_window": "06:30-07:00",
            "blue_green_update": [],
            "ca_cert_identifier": "rds-ca-rsa2048-g1",
            "character_set_name": "",
            "copy_tags_to_snapshot": false,
            "custom_iam_instance_profile": "",
            "customer_owned_ip_enabled": false,
            "db_name": "mydb",
            "db_subnet_group_name": "main",
            "delete_automated_backups": true,
            "deletion_protection": false,
            "domain": "",
            "domain_auth_secret_arn": "",
            "domain_dns_ips": [],
            "domain_fqdn": "",
            "domain_iam_role_name": "",
            "domain_ou": "",
            "enabled_cloudwatch_logs_exports": [],
            "endpoint": "terraform-20240227015009494200000005.cjpt7xukblqm.us-east-2.rds.amazonaws.com:3306",
            "engine": "mysql",
            "engine_version": "5.7",
            "engine_version_actual": "5.7.44",
            "final_snapshot_identifier": null,
            "hosted_zone_id": "Z2XHWR1WZ565X2",
            "iam_database_authentication_enabled": false,
            "id": "db-7J6LZCDYGNSY335HSPTRROH2WE",
            "identifier": "terraform-20240227015009494200000005",
            "identifier_prefix": "terraform-",
            "instance_class": "db.t2.micro",
            "iops": 0,
            "kms_key_id": "",
            "latest_restorable_time": "",
            "license_model": "general-public-license",
            "listener_endpoint": [],
            "maintenance_window": "mon:03:55-mon:04:25",
            "manage_master_user_password": null,
            "master_user_secret": [],
            "master_user_secret_kms_key_id": null,
            "max_allocated_storage": 0,
            "monitoring_interval": 0,
            "monitoring_role_arn": "",
            "multi_az": false,
            "nchar_character_set_name": "",
            "network_type": "IPV4",
            "option_group_name": "default:mysql-5-7",
            "parameter_group_name": "default.mysql5.7",
            "password": "accounts",
            "performance_insights_enabled": false,
            "performance_insights_kms_key_id": "",
            "performance_insights_retention_period": 0,
            "port": 3306,
            "publicly_accessible": false,
            "replica_mode": "",
            "replicas": [],
            "replicate_source_db": "",
            "resource_id": "db-7J6LZCDYGNSY335HSPTRROH2WE",
            "restore_to_point_in_time": [],
            "s3_import": [],
            "skip_final_snapshot": true,
            "snapshot_identifier": null,
            "status": "available",
            "storage_encrypted": false,
            "storage_throughput": 0,
            "storage_type": "gp2",
            "tags": {},
            "tags_all": {},
            "timeouts": null,
            "timezone": "",
            "username": "admin",
            "vpc_security_group_ids": [
              "sg-07cb6f17e3335752a"
            ]
          },
          "sensitive_attributes": [],
          "private": "eyJlMmJmYjczMC1lY2FhLTExZTYtOGY4OC0zNDM2M2JjN2M0YzAiOnsiY3JlYXRlIjoyNDAwMDAwMDAwMDAwLCJkZWxldGUiOjM2MDAwMDAwMDAwMDAsInVwZGF0ZSI6NDgwMDAwMDAwMDAwMH0sInNjaGVtYV92ZXJzaW9uIjoiMiJ9",
          "dependencies": [
            "aws_db_subnet_group.vprofile-rds-subgrp",
            "aws_security_group.vprofile-backend-sg",
            "aws_security_group.vprofile-bastion-sg",
            "aws_security_group.vprofile-prod-sg",
            "module.vpc.aws_subnet.private",
            "module.vpc.aws_vpc.this",
            "module.vpc.aws_vpc_ipv4_cidr_block_association.this"
          ]
        }
      ]
    },
    {
      "mode": "managed",
      "type": "aws_db_subnet_group",
      "name": "vprofile-rds-subgrp",
      "provider": "provider[\"registry.terraform.io/hashicorp/aws\"]",
      "instances": [
        {
          "schema_version": 0,
          "attributes": {
            "arn": "arn:aws:rds:us-east-2:986868443354:subgrp:main",
            "description": "Managed by Terraform",
            "id": "main",
            "name": "main",
            "name_prefix": "",
            "subnet_ids": [
              "subnet-0282310d508d3f919",
              "subnet-06d3580925b1874ed",
              "subnet-09aa890539fca9f83"
            ],
            "supported_network_types": [
              "IPV4"
            ],
            "tags": {
              "Name": "Subnet group for RDS"
            },
            "tags_all": {
              "Name": "Subnet group for RDS"
            },
            "vpc_id": "vpc-002d7a20051df4f24"
          },
          "sensitive_attributes": [],
          "private": "bnVsbA==",
          "dependencies": [
            "module.vpc.aws_subnet.private",
            "module.vpc.aws_vpc.this",
            "module.vpc.aws_vpc_ipv4_cidr_block_association.this"
          ]
        }
      ]
    },
    {
      "mode": "managed",
      "type": "aws_elastic_beanstalk_application",
      "name": "vprofile-prod",
      "provider": "provider[\"registry.terraform.io/hashicorp/aws\"]",
      "instances": [
        {
          "schema_version": 0,
          "attributes": {
            "appversion_lifecycle": [],
            "arn": "arn:aws:elasticbeanstalk:us-east-2:986868443354:application/vprofile-prod",
            "description": "",
            "id": "vprofile-prod",
            "name": "vprofile-prod",
            "tags": {},
            "tags_all": {}
          },
          "sensitive_attributes": [],
          "private": "bnVsbA=="
        }
      ]
    },
    {
      "mode": "managed",
      "type": "aws_elasticache_cluster",
      "name": "vprofile-cache",
      "provider": "provider[\"registry.terraform.io/hashicorp/aws\"]",
      "instances": [
        {
          "schema_version": 0,
          "attributes": {
            "apply_immediately": null,
            "arn": "arn:aws:elasticache:us-east-2:986868443354:cluster:vprofile-cache",
            "auto_minor_version_upgrade": "true",
            "availability_zone": "us-east-2a",
            "az_mode": "single-az",
            "cache_nodes": [
              {
                "address": "vprofile-cache.gigzmn.0001.use2.cache.amazonaws.com",
                "availability_zone": "us-east-2a",
                "id": "0001",
                "outpost_arn": "",
                "port": 11211
              }
            ],
            "cluster_address": "vprofile-cache.gigzmn.cfg.use2.cache.amazonaws.com",
            "cluster_id": "vprofile-cache",
            "configuration_endpoint": "vprofile-cache.gigzmn.cfg.use2.cache.amazonaws.com:11211",
            "engine": "memcached",
            "engine_version": "1.6.22",
            "engine_version_actual": "1.6.22",
            "final_snapshot_identifier": null,
            "id": "vprofile-cache",
            "ip_discovery": "ipv4",
            "log_delivery_configuration": [],
            "maintenance_window": "sun:03:30-sun:04:30",
            "network_type": "ipv4",
            "node_type": "cache.t3.micro",
            "notification_topic_arn": null,
            "num_cache_nodes": 1,
            "outpost_mode": null,
            "parameter_group_name": "default.memcached1.6",
            "port": 11211,
            "preferred_availability_zones": null,
            "preferred_outpost_arn": "",
            "replication_group_id": "",
            "security_group_ids": [
              "sg-07cb6f17e3335752a"
            ],
            "snapshot_arns": null,
            "snapshot_name": null,
            "snapshot_retention_limit": 0,
            "snapshot_window": "",
            "subnet_group_name": "vprofile-ecache-subgrp",
            "tags": {},
            "tags_all": {},
            "transit_encryption_enabled": false
          },
          "sensitive_attributes": [],
          "private": "bnVsbA==",
          "dependencies": [
            "aws_elasticache_subnet_group.vprofile-ecache-subgrp",
            "aws_security_group.vprofile-backend-sg",
            "aws_security_group.vprofile-bastion-sg",
            "aws_security_group.vprofile-prod-sg",
            "module.vpc.aws_subnet.private",
            "module.vpc.aws_vpc.this",
            "module.vpc.aws_vpc_ipv4_cidr_block_association.this"
          ]
        }
      ]
    },
    {
      "mode": "managed",
      "type": "aws_elasticache_subnet_group",
      "name": "vprofile-ecache-subgrp",
      "provider": "provider[\"registry.terraform.io/hashicorp/aws\"]",
      "instances": [
        {
          "schema_version": 0,
          "attributes": {
            "arn": "arn:aws:elasticache:us-east-2:986868443354:subnetgroup:vprofile-ecache-subgrp",
            "description": "Managed by Terraform",
            "id": "vprofile-ecache-subgrp",
            "name": "vprofile-ecache-subgrp",
            "subnet_ids": [
              "subnet-0282310d508d3f919",
              "subnet-06d3580925b1874ed",
              "subnet-09aa890539fca9f83"
            ],
            "tags": {
              "Name": "Subnet group for ECACHE"
            },
            "tags_all": {
              "Name": "Subnet group for ECACHE"
            },
            "vpc_id": "vpc-002d7a20051df4f24"
          },
          "sensitive_attributes": [],
          "private": "bnVsbA==",
          "dependencies": [
            "module.vpc.aws_subnet.private",
            "module.vpc.aws_vpc.this",
            "module.vpc.aws_vpc_ipv4_cidr_block_association.this"
          ]
        }
      ]
    },
    {
      "mode": "managed",
      "type": "aws_instance",
      "name": "vprofile-bastion",
      "provider": "provider[\"registry.terraform.io/hashicorp/aws\"]",
      "instances": [
        {
          "index_key": 0,
          "status": "tainted",
          "schema_version": 1,
          "attributes": {
            "ami": "ami-05fb0b8c1424f266b",
            "arn": "arn:aws:ec2:us-east-2:986868443354:instance/i-08e297e48de91184c",
            "associate_public_ip_address": false,
            "availability_zone": "us-east-2a",
            "capacity_reservation_specification": [
              {
                "capacity_reservation_preference": "open",
                "capacity_reservation_target": []
              }
            ],
            "cpu_core_count": 1,
            "cpu_options": [
              {
                "amd_sev_snp": "",
                "core_count": 1,
                "threads_per_core": 1
              }
            ],
            "cpu_threads_per_core": 1,
            "credit_specification": [
              {
                "cpu_credits": "standard"
              }
            ],
            "disable_api_stop": false,
            "disable_api_termination": false,
            "ebs_block_device": [],
            "ebs_optimized": false,
            "enclave_options": [
              {
                "enabled": false
              }
            ],
            "ephemeral_block_device": [],
            "get_password_data": false,
            "hibernation": false,
            "host_id": "",
            "host_resource_group_arn": null,
            "iam_instance_profile": "",
            "id": "i-08e297e48de91184c",
            "instance_initiated_shutdown_behavior": "stop",
            "instance_lifecycle": "",
            "instance_market_options": [],
            "instance_state": "running",
            "instance_type": "t2.micro",
            "ipv6_address_count": 0,
            "ipv6_addresses": [],
            "key_name": "vprofilekey",
            "launch_template": [],
            "maintenance_options": [
              {
                "auto_recovery": "default"
              }
            ],
            "metadata_options": [
              {
                "http_endpoint": "enabled",
                "http_protocol_ipv6": "disabled",
                "http_put_response_hop_limit": 1,
                "http_tokens": "optional",
                "instance_metadata_tags": "disabled"
              }
            ],
            "monitoring": false,
            "network_interface": [],
            "outpost_arn": "",
            "password_data": "",
            "placement_group": "",
            "placement_partition_number": 0,
            "primary_network_interface_id": "eni-015743ccdea767a4d",
            "private_dns": "ip-172-21-1-106.us-east-2.compute.internal",
            "private_dns_name_options": [
              {
                "enable_resource_name_dns_a_record": false,
                "enable_resource_name_dns_aaaa_record": false,
                "hostname_type": "ip-name"
              }
            ],
            "private_ip": "172.21.1.106",
            "public_dns": "",
            "public_ip": "",
            "root_block_device": [
              {
                "delete_on_termination": true,
                "device_name": "/dev/sda1",
                "encrypted": false,
                "iops": 100,
                "kms_key_id": "",
                "tags": {},
                "throughput": 0,
                "volume_id": "vol-05953174f6241395f",
                "volume_size": 8,
                "volume_type": "gp2"
              }
            ],
            "secondary_private_ips": [],
            "security_groups": [],
            "source_dest_check": true,
            "spot_instance_request_id": "",
            "subnet_id": "subnet-00ac14aa9c876689d",
            "tags": {
              "Name": "vprofile-bastion",
              "PROJECT": "vprofile"
            },
            "tags_all": {
              "Name": "vprofile-bastion",
              "PROJECT": "vprofile"
            },
            "tenancy": "default",
            "timeouts": null,
            "user_data": null,
            "user_data_base64": null,
            "user_data_replace_on_change": false,
            "volume_tags": null,
            "vpc_security_group_ids": [
              "sg-09ace081114d71140"
            ]
          },
          "sensitive_attributes": [],
          "private": "eyJlMmJmYjczMC1lY2FhLTExZTYtOGY4OC0zNDM2M2JjN2M0YzAiOnsiY3JlYXRlIjo2MDAwMDAwMDAwMDAsImRlbGV0ZSI6MTIwMDAwMDAwMDAwMCwidXBkYXRlIjo2MDAwMDAwMDAwMDB9LCJzY2hlbWFfdmVyc2lvbiI6IjEifQ==",
          "dependencies": [
            "aws_db_instance.vprofile-rds",
            "aws_db_subnet_group.vprofile-rds-subgrp",
            "aws_key_pair.vprofilekey",
            "aws_security_group.vprofile-backend-sg",
            "aws_security_group.vprofile-bastion-sg",
            "aws_security_group.vprofile-prod-sg",
            "module.vpc.aws_subnet.private",
            "module.vpc.aws_subnet.public",
            "module.vpc.aws_vpc.this",
            "module.vpc.aws_vpc_ipv4_cidr_block_association.this"
          ]
        }
      ]
    },
    {
      "mode": "managed",
      "type": "aws_key_pair",
      "name": "vprofilekey",
      "provider": "provider[\"registry.terraform.io/hashicorp/aws\"]",
      "instances": [
        {
          "schema_version": 1,
          "attributes": {
            "arn": "arn:aws:ec2:us-east-2:986868443354:key-pair/vprofilekey",
            "fingerprint": "e0:d1:ee:c1:86:fa:e2:0c:d4:82:34:5e:cb:10:48:e6",
            "id": "vprofilekey",
            "key_name": "vprofilekey",
            "key_name_prefix": "",
            "key_pair_id": "key-01195a34df0822dc1",
            "key_type": "rsa",
            "public_key": "ssh-rsa AAAAB3NzaC1yc2EAAAADAQABAAABAQDZupNnmQhRnP56ZD9utXZHX883SI8ySGdg+npjVM2seBsGnR3HgXfmx2bbVDeEN5g53SR48g/22iUpxb1XWSIofaWjcjaZHhrII9LsCw4KDDo1xcNQl/iZN6j15QQohq6S1GbMQfIdRAIHZ1uZzMAwa0YIIBUrhupKfnffeHJnQeMfrvr9Dg47PARMokEn1SUOFLRpu4YHkLV4Ti518AnYttFVFc4zlW2qrKlxN1GVCdQ/MnCzsq8DNFbujxtUzxygKfZKjQ1XTdDXlaA5Wa2YvImXM708jk4pD5LyTwu56eNDSRJvAUC3cwD/11SKn6XQzhmGHrOXk76asCP8okN1 vagrant@devopsvm",
            "tags": {},
            "tags_all": {}
          },
          "sensitive_attributes": [],
          "private": "eyJzY2hlbWFfdmVyc2lvbiI6IjEifQ=="
        }
      ]
    },
    {
      "mode": "managed",
      "type": "aws_mq_broker",
      "name": "vprofile-rmq",
      "provider": "provider[\"registry.terraform.io/hashicorp/aws\"]",
      "instances": [
        {
          "schema_version": 0,
          "attributes": {
            "apply_immediately": false,
            "arn": "arn:aws:mq:us-east-2:986868443354:broker:vprofile-rmq:b-4346d9a3-b0b5-4f0a-8fd2-f710192d44a6",
            "authentication_strategy": "simple",
            "auto_minor_version_upgrade": false,
            "broker_name": "vprofile-rmq",
            "configuration": [
              {
                "id": "c-6969fc60-e8e1-492a-8891-8cbd14f18fe9",
                "revision": 1
              }
            ],
            "deployment_mode": "SINGLE_INSTANCE",
            "encryption_options": [
              {
                "kms_key_id": "",
                "use_aws_owned_key": true
              }
            ],
            "engine_type": "ActiveMQ",
            "engine_version": "5.17.6",
            "host_instance_type": "mq.t2.micro",
            "id": "b-4346d9a3-b0b5-4f0a-8fd2-f710192d44a6",
            "instances": [
              {
                "console_url": "https://b-4346d9a3-b0b5-4f0a-8fd2-f710192d44a6-1.mq.us-east-2.amazonaws.com:8162",
                "endpoints": [
                  "ssl://b-4346d9a3-b0b5-4f0a-8fd2-f710192d44a6-1.mq.us-east-2.amazonaws.com:61617",
                  "amqp+ssl://b-4346d9a3-b0b5-4f0a-8fd2-f710192d44a6-1.mq.us-east-2.amazonaws.com:5671",
                  "stomp+ssl://b-4346d9a3-b0b5-4f0a-8fd2-f710192d44a6-1.mq.us-east-2.amazonaws.com:61614",
                  "mqtt+ssl://b-4346d9a3-b0b5-4f0a-8fd2-f710192d44a6-1.mq.us-east-2.amazonaws.com:8883",
                  "wss://b-4346d9a3-b0b5-4f0a-8fd2-f710192d44a6-1.mq.us-east-2.amazonaws.com:61619"
                ],
                "ip_address": "172.21.4.224"
              }
            ],
            "ldap_server_metadata": [],
            "logs": [
              {
                "audit": "false",
                "general": false
              }
            ],
            "maintenance_window_start_time": [
              {
                "day_of_week": "TUESDAY",
                "time_of_day": "22:00",
                "time_zone": "UTC"
              }
            ],
            "publicly_accessible": false,
            "security_groups": [
              "sg-07cb6f17e3335752a"
            ],
            "storage_type": "efs",
            "subnet_ids": [
              "subnet-06d3580925b1874ed"
            ],
            "tags": {},
            "tags_all": {},
            "timeouts": null,
            "user": [
              {
                "console_access": false,
                "groups": [],
                "password": "Gr33n@123456",
                "replication_user": false,
                "username": "rabbit"
              }
            ]
          },
          "sensitive_attributes": [],
          "private": "eyJlMmJmYjczMC1lY2FhLTExZTYtOGY4OC0zNDM2M2JjN2M0YzAiOnsiY3JlYXRlIjoxODAwMDAwMDAwMDAwLCJkZWxldGUiOjE4MDAwMDAwMDAwMDAsInVwZGF0ZSI6MTgwMDAwMDAwMDAwMH19",
          "dependencies": [
            "aws_security_group.vprofile-backend-sg",
            "aws_security_group.vprofile-bastion-sg",
            "aws_security_group.vprofile-prod-sg",
            "module.vpc.aws_subnet.private",
            "module.vpc.aws_vpc.this",
            "module.vpc.aws_vpc_ipv4_cidr_block_association.this"
          ]
        }
      ]
    },
    {
      "mode": "managed",
      "type": "aws_security_group",
      "name": "vprofile-backend-sg",
      "provider": "provider[\"registry.terraform.io/hashicorp/aws\"]",
      "instances": [
        {
          "schema_version": 1,
          "attributes": {
            "arn": "arn:aws:ec2:us-east-2:986868443354:security-group/sg-07cb6f17e3335752a",
            "description": "security group for RDS, active mq, elastic cache",
            "egress": [
              {
                "cidr_blocks": [
                  "0.0.0.0/0"
                ],
                "description": "",
                "from_port": 0,
                "ipv6_cidr_blocks": [],
                "prefix_list_ids": [],
                "protocol": "-1",
                "security_groups": [],
                "self": false,
                "to_port": 0
              }
            ],
            "id": "sg-07cb6f17e3335752a",
            "ingress": [
              {
                "cidr_blocks": [],
                "description": "",
                "from_port": 0,
                "ipv6_cidr_blocks": [],
                "prefix_list_ids": [],
                "protocol": "-1",
                "security_groups": [
                  "sg-0c5aa6b220d57bbef"
                ],
                "self": false,
                "to_port": 0
              },
              {
                "cidr_blocks": [],
                "description": "",
                "from_port": 0,
                "ipv6_cidr_blocks": [],
                "prefix_list_ids": [],
                "protocol": "tcp",
                "security_groups": [],
                "self": true,
                "to_port": 65535
              }
            ],
            "name": "vprofile-backend-sg",
            "name_prefix": "",
            "owner_id": "986868443354",
            "revoke_rules_on_delete": false,
            "tags": {},
            "tags_all": {},
            "timeouts": null,
            "vpc_id": "vpc-002d7a20051df4f24"
          },
          "sensitive_attributes": [],
          "private": "eyJlMmJmYjczMC1lY2FhLTExZTYtOGY4OC0zNDM2M2JjN2M0YzAiOnsiY3JlYXRlIjo2MDAwMDAwMDAwMDAsImRlbGV0ZSI6OTAwMDAwMDAwMDAwfSwic2NoZW1hX3ZlcnNpb24iOiIxIn0=",
          "dependencies": [
            "aws_security_group.vprofile-bastion-sg",
            "aws_security_group.vprofile-prod-sg",
            "module.vpc.aws_vpc.this"
          ]
        }
      ]
    },
    {
      "mode": "managed",
      "type": "aws_security_group",
      "name": "vprofile-bastion-sg",
      "provider": "provider[\"registry.terraform.io/hashicorp/aws\"]",
      "instances": [
        {
          "schema_version": 1,
          "attributes": {
            "arn": "arn:aws:ec2:us-east-2:986868443354:security-group/sg-09ace081114d71140",
            "description": "security group for bastion ec2 instance",
            "egress": [
              {
                "cidr_blocks": [
                  "0.0.0.0/0"
                ],
                "description": "",
                "from_port": 0,
                "ipv6_cidr_blocks": [],
                "prefix_list_ids": [],
                "protocol": "-1",
                "security_groups": [],
                "self": false,
                "to_port": 0
              }
            ],
            "id": "sg-09ace081114d71140",
            "ingress": [
              {
                "cidr_blocks": [
                  "64.108.104.52/32"
                ],
                "description": "",
                "from_port": 22,
                "ipv6_cidr_blocks": [],
                "prefix_list_ids": [],
                "protocol": "tcp",
                "security_groups": [],
                "self": false,
                "to_port": 22
              }
            ],
            "name": "vprofile-bastion-sg",
            "name_prefix": "",
            "owner_id": "986868443354",
            "revoke_rules_on_delete": false,
            "tags": {},
            "tags_all": {},
            "timeouts": null,
            "vpc_id": "vpc-002d7a20051df4f24"
          },
          "sensitive_attributes": [],
          "private": "eyJlMmJmYjczMC1lY2FhLTExZTYtOGY4OC0zNDM2M2JjN2M0YzAiOnsiY3JlYXRlIjo2MDAwMDAwMDAwMDAsImRlbGV0ZSI6OTAwMDAwMDAwMDAwfSwic2NoZW1hX3ZlcnNpb24iOiIxIn0=",
          "dependencies": [
            "module.vpc.aws_vpc.this"
          ]
        }
      ]
    },
    {
      "mode": "managed",
      "type": "aws_security_group",
      "name": "vprofile-bean-elb-sg",
      "provider": "provider[\"registry.terraform.io/hashicorp/aws\"]",
      "instances": [
        {
          "schema_version": 1,
          "attributes": {
            "arn": "arn:aws:ec2:us-east-2:986868443354:security-group/sg-0766e2da64f81da50",
            "description": "security group for bean-elb",
            "egress": [
              {
                "cidr_blocks": [
                  "0.0.0.0/0"
                ],
                "description": "",
                "from_port": 0,
                "ipv6_cidr_blocks": [],
                "prefix_list_ids": [],
                "protocol": "-1",
                "security_groups": [],
                "self": false,
                "to_port": 0
              }
            ],
            "id": "sg-0766e2da64f81da50",
            "ingress": [
              {
                "cidr_blocks": [
                  "0.0.0.0/0"
                ],
                "description": "",
                "from_port": 80,
                "ipv6_cidr_blocks": [],
                "prefix_list_ids": [],
                "protocol": "tcp",
                "security_groups": [],
                "self": false,
                "to_port": 80
              }
            ],
            "name": "vprofile-bean-elb-sg",
            "name_prefix": "",
            "owner_id": "986868443354",
            "revoke_rules_on_delete": false,
            "tags": {},
            "tags_all": {},
            "timeouts": null,
            "vpc_id": "vpc-002d7a20051df4f24"
          },
          "sensitive_attributes": [],
          "private": "eyJlMmJmYjczMC1lY2FhLTExZTYtOGY4OC0zNDM2M2JjN2M0YzAiOnsiY3JlYXRlIjo2MDAwMDAwMDAwMDAsImRlbGV0ZSI6OTAwMDAwMDAwMDAwfSwic2NoZW1hX3ZlcnNpb24iOiIxIn0=",
          "dependencies": [
            "module.vpc.aws_vpc.this"
          ]
        }
      ]
    },
    {
      "mode": "managed",
      "type": "aws_security_group",
      "name": "vprofile-prod-sg",
      "provider": "provider[\"registry.terraform.io/hashicorp/aws\"]",
      "instances": [
        {
          "schema_version": 1,
          "attributes": {
            "arn": "arn:aws:ec2:us-east-2:986868443354:security-group/sg-0c5aa6b220d57bbef",
            "description": "security group for beanstalk instances",
            "egress": [
              {
                "cidr_blocks": [
                  "0.0.0.0/0"
                ],
                "description": "",
                "from_port": 0,
                "ipv6_cidr_blocks": [],
                "prefix_list_ids": [],
                "protocol": "-1",
                "security_groups": [],
                "self": false,
                "to_port": 0
              }
            ],
            "id": "sg-0c5aa6b220d57bbef",
            "ingress": [
              {
                "cidr_blocks": [],
                "description": "",
                "from_port": 22,
                "ipv6_cidr_blocks": [],
                "prefix_list_ids": [],
                "protocol": "tcp",
                "security_groups": [
                  "sg-09ace081114d71140"
                ],
                "self": false,
                "to_port": 22
              }
            ],
            "name": "vprofile-prod-sg",
            "name_prefix": "",
            "owner_id": "986868443354",
            "revoke_rules_on_delete": false,
            "tags": {},
            "tags_all": {},
            "timeouts": null,
            "vpc_id": "vpc-002d7a20051df4f24"
          },
          "sensitive_attributes": [],
          "private": "eyJlMmJmYjczMC1lY2FhLTExZTYtOGY4OC0zNDM2M2JjN2M0YzAiOnsiY3JlYXRlIjo2MDAwMDAwMDAwMDAsImRlbGV0ZSI6OTAwMDAwMDAwMDAwfSwic2NoZW1hX3ZlcnNpb24iOiIxIn0=",
          "dependencies": [
            "aws_security_group.vprofile-bastion-sg",
            "module.vpc.aws_vpc.this"
          ]
        }
      ]
    },
    {
      "mode": "managed",
      "type": "aws_security_group_rule",
      "name": "sec_group_allow_to_itself",
      "provider": "provider[\"registry.terraform.io/hashicorp/aws\"]",
      "instances": [
        {
          "schema_version": 2,
          "attributes": {
            "cidr_blocks": null,
            "description": "",
            "from_port": 0,
            "id": "sgrule-1825746912",
            "ipv6_cidr_blocks": null,
            "prefix_list_ids": null,
            "protocol": "tcp",
            "security_group_id": "sg-07cb6f17e3335752a",
            "security_group_rule_id": "sgr-032d5322e199f98e6",
            "self": false,
            "source_security_group_id": "sg-07cb6f17e3335752a",
            "timeouts": null,
            "to_port": 65535,
            "type": "ingress"
          },
          "sensitive_attributes": [],
          "private": "eyJlMmJmYjczMC1lY2FhLTExZTYtOGY4OC0zNDM2M2JjN2M0YzAiOnsiY3JlYXRlIjozMDAwMDAwMDAwMDB9LCJzY2hlbWFfdmVyc2lvbiI6IjIifQ==",
          "dependencies": [
            "aws_security_group.vprofile-backend-sg",
            "aws_security_group.vprofile-bastion-sg",
            "aws_security_group.vprofile-prod-sg",
            "module.vpc.aws_vpc.this"
          ]
        }
      ]
    },
    {
      "module": "module.vpc",
      "mode": "managed",
      "type": "aws_default_network_acl",
      "name": "this",
      "provider": "provider[\"registry.terraform.io/hashicorp/aws\"]",
      "instances": [
        {
          "index_key": 0,
          "schema_version": 0,
          "attributes": {
            "arn": "arn:aws:ec2:us-east-2:986868443354:network-acl/acl-0b01d7ed00ea5eb9c",
            "default_network_acl_id": "acl-0b01d7ed00ea5eb9c",
            "egress": [
              {
                "action": "allow",
                "cidr_block": "",
                "from_port": 0,
                "icmp_code": 0,
                "icmp_type": 0,
                "ipv6_cidr_block": "::/0",
                "protocol": "-1",
                "rule_no": 101,
                "to_port": 0
              },
              {
                "action": "allow",
                "cidr_block": "0.0.0.0/0",
                "from_port": 0,
                "icmp_code": 0,
                "icmp_type": 0,
                "ipv6_cidr_block": "",
                "protocol": "-1",
                "rule_no": 100,
                "to_port": 0
              }
            ],
            "id": "acl-0b01d7ed00ea5eb9c",
            "ingress": [
              {
                "action": "allow",
                "cidr_block": "",
                "from_port": 0,
                "icmp_code": 0,
                "icmp_type": 0,
                "ipv6_cidr_block": "::/0",
                "protocol": "-1",
                "rule_no": 101,
                "to_port": 0
              },
              {
                "action": "allow",
                "cidr_block": "0.0.0.0/0",
                "from_port": 0,
                "icmp_code": 0,
                "icmp_type": 0,
                "ipv6_cidr_block": "",
                "protocol": "-1",
                "rule_no": 100,
                "to_port": 0
              }
            ],
            "owner_id": "986868443354",
            "subnet_ids": [
              "subnet-00ac14aa9c876689d",
              "subnet-0148d8b1db9620586",
              "subnet-0282310d508d3f919",
              "subnet-06d3580925b1874ed",
              "subnet-09aa890539fca9f83",
              "subnet-0e1ff6fc1a10d781c"
            ],
            "tags": {
              "Environment": "Prod",
              "Name": "vprofile-VPC-default",
              "Terraform": "true"
            },
            "tags_all": {
              "Environment": "Prod",
              "Name": "vprofile-VPC-default",
              "Terraform": "true"
            },
            "vpc_id": "vpc-002d7a20051df4f24"
          },
          "sensitive_attributes": [],
          "private": "bnVsbA==",
          "dependencies": [
            "module.vpc.aws_vpc.this"
          ]
        }
      ]
    },
    {
      "module": "module.vpc",
      "mode": "managed",
      "type": "aws_default_route_table",
      "name": "default",
      "provider": "provider[\"registry.terraform.io/hashicorp/aws\"]",
      "instances": [
        {
          "index_key": 0,
          "schema_version": 0,
          "attributes": {
            "arn": "arn:aws:ec2:us-east-2:986868443354:route-table/rtb-07cf1dab551309a65",
            "default_route_table_id": "rtb-07cf1dab551309a65",
            "id": "rtb-07cf1dab551309a65",
            "owner_id": "986868443354",
            "propagating_vgws": [],
            "route": [],
            "tags": {
              "Environment": "Prod",
              "Name": "vprofile-VPC-default",
              "Terraform": "true"
            },
            "tags_all": {
              "Environment": "Prod",
              "Name": "vprofile-VPC-default",
              "Terraform": "true"
            },
            "timeouts": {
              "create": "5m",
              "update": "5m"
            },
            "vpc_id": "vpc-002d7a20051df4f24"
          },
          "sensitive_attributes": [],
          "private": "eyJlMmJmYjczMC1lY2FhLTExZTYtOGY4OC0zNDM2M2JjN2M0YzAiOnsiY3JlYXRlIjozMDAwMDAwMDAwMDAsInVwZGF0ZSI6MzAwMDAwMDAwMDAwfX0=",
          "dependencies": [
            "module.vpc.aws_vpc.this"
          ]
        }
      ]
    },
    {
      "module": "module.vpc",
      "mode": "managed",
      "type": "aws_default_security_group",
      "name": "this",
      "provider": "provider[\"registry.terraform.io/hashicorp/aws\"]",
      "instances": [
        {
          "index_key": 0,
          "schema_version": 1,
          "attributes": {
            "arn": "arn:aws:ec2:us-east-2:986868443354:security-group/sg-06b323cb690c2afa6",
            "description": "default VPC security group",
            "egress": [],
            "id": "sg-06b323cb690c2afa6",
            "ingress": [],
            "name": "default",
            "name_prefix": "",
            "owner_id": "986868443354",
            "revoke_rules_on_delete": false,
            "tags": {
              "Environment": "Prod",
              "Name": "vprofile-VPC-default",
              "Terraform": "true"
            },
            "tags_all": {
              "Environment": "Prod",
              "Name": "vprofile-VPC-default",
              "Terraform": "true"
            },
            "vpc_id": "vpc-002d7a20051df4f24"
          },
          "sensitive_attributes": [],
          "private": "eyJzY2hlbWFfdmVyc2lvbiI6IjEifQ==",
          "dependencies": [
            "module.vpc.aws_vpc.this"
          ]
        }
      ]
    },
    {
      "module": "module.vpc",
      "mode": "managed",
      "type": "aws_eip",
      "name": "nat",
      "provider": "provider[\"registry.terraform.io/hashicorp/aws\"]",
      "instances": [
        {
          "index_key": 0,
          "schema_version": 0,
          "attributes": {
            "address": null,
            "allocation_id": "eipalloc-0a657143fbfe802b0",
            "associate_with_private_ip": null,
            "association_id": "eipassoc-00aa82bb00c1f545e",
            "carrier_ip": "",
            "customer_owned_ip": "",
            "customer_owned_ipv4_pool": "",
            "domain": "vpc",
            "id": "eipalloc-0a657143fbfe802b0",
            "instance": "",
            "network_border_group": "us-east-2",
            "network_interface": "eni-06c7bba310d8d60fc",
            "private_dns": "ip-172-21-1-182.us-east-2.compute.internal",
            "private_ip": "172.21.1.182",
            "public_dns": "ec2-3-129-108-69.us-east-2.compute.amazonaws.com",
            "public_ip": "3.129.108.69",
            "public_ipv4_pool": "amazon",
            "tags": {
              "Environment": "Prod",
              "Name": "vprofile-VPC-us-east-2a",
              "Terraform": "true"
            },
            "tags_all": {
              "Environment": "Prod",
              "Name": "vprofile-VPC-us-east-2a",
              "Terraform": "true"
            },
            "timeouts": null,
            "vpc": true
          },
          "sensitive_attributes": [],
          "private": "eyJlMmJmYjczMC1lY2FhLTExZTYtOGY4OC0zNDM2M2JjN2M0YzAiOnsiZGVsZXRlIjoxODAwMDAwMDAwMDAsInJlYWQiOjkwMDAwMDAwMDAwMCwidXBkYXRlIjozMDAwMDAwMDAwMDB9fQ==",
          "dependencies": [
            "module.vpc.aws_internet_gateway.this",
            "module.vpc.aws_vpc.this",
            "module.vpc.aws_vpc_ipv4_cidr_block_association.this"
          ]
        }
      ]
    },
    {
      "module": "module.vpc",
      "mode": "managed",
      "type": "aws_internet_gateway",
      "name": "this",
      "provider": "provider[\"registry.terraform.io/hashicorp/aws\"]",
      "instances": [
        {
          "index_key": 0,
          "schema_version": 0,
          "attributes": {
            "arn": "arn:aws:ec2:us-east-2:986868443354:internet-gateway/igw-0bf0afdfe7036779d",
            "id": "igw-0bf0afdfe7036779d",
            "owner_id": "986868443354",
            "tags": {
              "Environment": "Prod",
              "Name": "vprofile-VPC",
              "Terraform": "true"
            },
            "tags_all": {
              "Environment": "Prod",
              "Name": "vprofile-VPC",
              "Terraform": "true"
            },
            "timeouts": null,
            "vpc_id": "vpc-002d7a20051df4f24"
          },
          "sensitive_attributes": [],
          "private": "eyJlMmJmYjczMC1lY2FhLTExZTYtOGY4OC0zNDM2M2JjN2M0YzAiOnsiY3JlYXRlIjoxMjAwMDAwMDAwMDAwLCJkZWxldGUiOjEyMDAwMDAwMDAwMDAsInVwZGF0ZSI6MTIwMDAwMDAwMDAwMH19",
          "dependencies": [
            "module.vpc.aws_vpc.this",
            "module.vpc.aws_vpc_ipv4_cidr_block_association.this"
          ]
        }
      ]
    },
    {
      "module": "module.vpc",
      "mode": "managed",
      "type": "aws_nat_gateway",
      "name": "this",
      "provider": "provider[\"registry.terraform.io/hashicorp/aws\"]",
      "instances": [
        {
          "index_key": 0,
          "schema_version": 0,
          "attributes": {
            "allocation_id": "eipalloc-0a657143fbfe802b0",
            "association_id": "eipassoc-00aa82bb00c1f545e",
            "connectivity_type": "public",
            "id": "nat-06a52aed4ef874219",
            "network_interface_id": "eni-06c7bba310d8d60fc",
            "private_ip": "172.21.1.182",
            "public_ip": "3.129.108.69",
            "secondary_allocation_ids": [],
            "secondary_private_ip_address_count": 0,
            "secondary_private_ip_addresses": [],
            "subnet_id": "subnet-00ac14aa9c876689d",
            "tags": {
              "Environment": "Prod",
              "Name": "vprofile-VPC-us-east-2a",
              "Terraform": "true"
            },
            "tags_all": {
              "Environment": "Prod",
              "Name": "vprofile-VPC-us-east-2a",
              "Terraform": "true"
            },
            "timeouts": null
          },
          "sensitive_attributes": [],
          "private": "eyJlMmJmYjczMC1lY2FhLTExZTYtOGY4OC0zNDM2M2JjN2M0YzAiOnsiY3JlYXRlIjo2MDAwMDAwMDAwMDAsImRlbGV0ZSI6MTgwMDAwMDAwMDAwMCwidXBkYXRlIjo2MDAwMDAwMDAwMDB9fQ==",
          "dependencies": [
            "module.vpc.aws_eip.nat",
            "module.vpc.aws_internet_gateway.this",
            "module.vpc.aws_subnet.public",
            "module.vpc.aws_vpc.this",
            "module.vpc.aws_vpc_ipv4_cidr_block_association.this"
          ]
        }
      ]
    },
    {
      "module": "module.vpc",
      "mode": "managed",
      "type": "aws_route",
      "name": "private_nat_gateway",
      "provider": "provider[\"registry.terraform.io/hashicorp/aws\"]",
      "instances": [
        {
          "index_key": 0,
          "schema_version": 0,
          "attributes": {
            "carrier_gateway_id": "",
            "core_network_arn": "",
            "destination_cidr_block": "0.0.0.0/0",
            "destination_ipv6_cidr_block": "",
            "destination_prefix_list_id": "",
            "egress_only_gateway_id": "",
            "gateway_id": "",
            "id": "r-rtb-0139a77370a3fcecd1080289494",
            "instance_id": "",
            "instance_owner_id": "",
            "local_gateway_id": "",
            "nat_gateway_id": "nat-06a52aed4ef874219",
            "network_interface_id": "",
            "origin": "CreateRoute",
            "route_table_id": "rtb-0139a77370a3fcecd",
            "state": "active",
            "timeouts": {
              "create": "5m",
              "delete": null,
              "update": null
            },
            "transit_gateway_id": "",
            "vpc_endpoint_id": "",
            "vpc_peering_connection_id": ""
          },
          "sensitive_attributes": [],
          "private": "eyJlMmJmYjczMC1lY2FhLTExZTYtOGY4OC0zNDM2M2JjN2M0YzAiOnsiY3JlYXRlIjozMDAwMDAwMDAwMDAsImRlbGV0ZSI6MzAwMDAwMDAwMDAwLCJ1cGRhdGUiOjEyMDAwMDAwMDAwMH19",
          "dependencies": [
            "module.vpc.aws_eip.nat",
            "module.vpc.aws_internet_gateway.this",
            "module.vpc.aws_nat_gateway.this",
            "module.vpc.aws_route_table.private",
            "module.vpc.aws_subnet.public",
            "module.vpc.aws_vpc.this",
            "module.vpc.aws_vpc_ipv4_cidr_block_association.this"
          ]
        }
      ]
    },
    {
      "module": "module.vpc",
      "mode": "managed",
      "type": "aws_route",
      "name": "public_internet_gateway",
      "provider": "provider[\"registry.terraform.io/hashicorp/aws\"]",
      "instances": [
        {
          "index_key": 0,
          "schema_version": 0,
          "attributes": {
            "carrier_gateway_id": "",
            "core_network_arn": "",
            "destination_cidr_block": "0.0.0.0/0",
            "destination_ipv6_cidr_block": "",
            "destination_prefix_list_id": "",
            "egress_only_gateway_id": "",
            "gateway_id": "igw-0bf0afdfe7036779d",
            "id": "r-rtb-0e45796564ba8dd1d1080289494",
            "instance_id": "",
            "instance_owner_id": "",
            "local_gateway_id": "",
            "nat_gateway_id": "",
            "network_interface_id": "",
            "origin": "CreateRoute",
            "route_table_id": "rtb-0e45796564ba8dd1d",
            "state": "active",
            "timeouts": {
              "create": "5m",
              "delete": null,
              "update": null
            },
            "transit_gateway_id": "",
            "vpc_endpoint_id": "",
            "vpc_peering_connection_id": ""
          },
          "sensitive_attributes": [],
          "private": "eyJlMmJmYjczMC1lY2FhLTExZTYtOGY4OC0zNDM2M2JjN2M0YzAiOnsiY3JlYXRlIjozMDAwMDAwMDAwMDAsImRlbGV0ZSI6MzAwMDAwMDAwMDAwLCJ1cGRhdGUiOjEyMDAwMDAwMDAwMH19",
          "dependencies": [
            "module.vpc.aws_internet_gateway.this",
            "module.vpc.aws_route_table.public",
            "module.vpc.aws_vpc.this",
            "module.vpc.aws_vpc_ipv4_cidr_block_association.this"
          ]
        }
      ]
    },
    {
      "module": "module.vpc",
      "mode": "managed",
      "type": "aws_route_table",
      "name": "private",
      "provider": "provider[\"registry.terraform.io/hashicorp/aws\"]",
      "instances": [
        {
          "index_key": 0,
          "schema_version": 0,
          "attributes": {
            "arn": "arn:aws:ec2:us-east-2:986868443354:route-table/rtb-0139a77370a3fcecd",
            "id": "rtb-0139a77370a3fcecd",
            "owner_id": "986868443354",
            "propagating_vgws": [],
            "route": [
              {
                "carrier_gateway_id": "",
                "cidr_block": "0.0.0.0/0",
                "core_network_arn": "",
                "destination_prefix_list_id": "",
                "egress_only_gateway_id": "",
                "gateway_id": "",
                "ipv6_cidr_block": "",
                "local_gateway_id": "",
                "nat_gateway_id": "nat-06a52aed4ef874219",
                "network_interface_id": "",
                "transit_gateway_id": "",
                "vpc_endpoint_id": "",
                "vpc_peering_connection_id": ""
              }
            ],
            "tags": {
              "Environment": "Prod",
              "Name": "vprofile-VPC-private",
              "Terraform": "true"
            },
            "tags_all": {
              "Environment": "Prod",
              "Name": "vprofile-VPC-private",
              "Terraform": "true"
            },
            "timeouts": null,
            "vpc_id": "vpc-002d7a20051df4f24"
          },
          "sensitive_attributes": [],
          "private": "eyJlMmJmYjczMC1lY2FhLTExZTYtOGY4OC0zNDM2M2JjN2M0YzAiOnsiY3JlYXRlIjozMDAwMDAwMDAwMDAsImRlbGV0ZSI6MzAwMDAwMDAwMDAwLCJ1cGRhdGUiOjEyMDAwMDAwMDAwMH19",
          "dependencies": [
            "module.vpc.aws_vpc.this",
            "module.vpc.aws_vpc_ipv4_cidr_block_association.this"
          ]
        }
      ]
    },
    {
      "module": "module.vpc",
      "mode": "managed",
      "type": "aws_route_table",
      "name": "public",
      "provider": "provider[\"registry.terraform.io/hashicorp/aws\"]",
      "instances": [
        {
          "index_key": 0,
          "schema_version": 0,
          "attributes": {
            "arn": "arn:aws:ec2:us-east-2:986868443354:route-table/rtb-0e45796564ba8dd1d",
            "id": "rtb-0e45796564ba8dd1d",
            "owner_id": "986868443354",
            "propagating_vgws": [],
            "route": [
              {
                "carrier_gateway_id": "",
                "cidr_block": "0.0.0.0/0",
                "core_network_arn": "",
                "destination_prefix_list_id": "",
                "egress_only_gateway_id": "",
                "gateway_id": "igw-0bf0afdfe7036779d",
                "ipv6_cidr_block": "",
                "local_gateway_id": "",
                "nat_gateway_id": "",
                "network_interface_id": "",
                "transit_gateway_id": "",
                "vpc_endpoint_id": "",
                "vpc_peering_connection_id": ""
              }
            ],
            "tags": {
              "Environment": "Prod",
              "Name": "vprofile-VPC-public",
              "Terraform": "true"
            },
            "tags_all": {
              "Environment": "Prod",
              "Name": "vprofile-VPC-public",
              "Terraform": "true"
            },
            "timeouts": null,
            "vpc_id": "vpc-002d7a20051df4f24"
          },
          "sensitive_attributes": [],
          "private": "eyJlMmJmYjczMC1lY2FhLTExZTYtOGY4OC0zNDM2M2JjN2M0YzAiOnsiY3JlYXRlIjozMDAwMDAwMDAwMDAsImRlbGV0ZSI6MzAwMDAwMDAwMDAwLCJ1cGRhdGUiOjEyMDAwMDAwMDAwMH19",
          "dependencies": [
            "module.vpc.aws_vpc.this",
            "module.vpc.aws_vpc_ipv4_cidr_block_association.this"
          ]
        }
      ]
    },
    {
      "module": "module.vpc",
      "mode": "managed",
      "type": "aws_route_table_association",
      "name": "private",
      "provider": "provider[\"registry.terraform.io/hashicorp/aws\"]",
      "instances": [
        {
          "index_key": 0,
          "schema_version": 0,
          "attributes": {
            "gateway_id": "",
            "id": "rtbassoc-0d09c4aa063f34f33",
            "route_table_id": "rtb-0139a77370a3fcecd",
            "subnet_id": "subnet-06d3580925b1874ed",
            "timeouts": null
          },
          "sensitive_attributes": [],
          "private": "eyJlMmJmYjczMC1lY2FhLTExZTYtOGY4OC0zNDM2M2JjN2M0YzAiOnsiY3JlYXRlIjozMDAwMDAwMDAwMDAsImRlbGV0ZSI6MzAwMDAwMDAwMDAwLCJ1cGRhdGUiOjEyMDAwMDAwMDAwMH19",
          "dependencies": [
            "module.vpc.aws_route_table.private",
            "module.vpc.aws_subnet.private",
            "module.vpc.aws_vpc.this",
            "module.vpc.aws_vpc_ipv4_cidr_block_association.this"
          ]
        },
        {
          "index_key": 1,
          "schema_version": 0,
          "attributes": {
            "gateway_id": "",
            "id": "rtbassoc-0c717d2d386f5f17d",
            "route_table_id": "rtb-0139a77370a3fcecd",
            "subnet_id": "subnet-09aa890539fca9f83",
            "timeouts": null
          },
          "sensitive_attributes": [],
          "private": "eyJlMmJmYjczMC1lY2FhLTExZTYtOGY4OC0zNDM2M2JjN2M0YzAiOnsiY3JlYXRlIjozMDAwMDAwMDAwMDAsImRlbGV0ZSI6MzAwMDAwMDAwMDAwLCJ1cGRhdGUiOjEyMDAwMDAwMDAwMH19",
          "dependencies": [
            "module.vpc.aws_route_table.private",
            "module.vpc.aws_subnet.private",
            "module.vpc.aws_vpc.this",
            "module.vpc.aws_vpc_ipv4_cidr_block_association.this"
          ]
        },
        {
          "index_key": 2,
          "schema_version": 0,
          "attributes": {
            "gateway_id": "",
            "id": "rtbassoc-0128c2b2ad01764d2",
            "route_table_id": "rtb-0139a77370a3fcecd",
            "subnet_id": "subnet-0282310d508d3f919",
            "timeouts": null
          },
          "sensitive_attributes": [],
          "private": "eyJlMmJmYjczMC1lY2FhLTExZTYtOGY4OC0zNDM2M2JjN2M0YzAiOnsiY3JlYXRlIjozMDAwMDAwMDAwMDAsImRlbGV0ZSI6MzAwMDAwMDAwMDAwLCJ1cGRhdGUiOjEyMDAwMDAwMDAwMH19",
          "dependencies": [
            "module.vpc.aws_route_table.private",
            "module.vpc.aws_subnet.private",
            "module.vpc.aws_vpc.this",
            "module.vpc.aws_vpc_ipv4_cidr_block_association.this"
          ]
        }
      ]
    },
    {
      "module": "module.vpc",
      "mode": "managed",
      "type": "aws_route_table_association",
      "name": "public",
      "provider": "provider[\"registry.terraform.io/hashicorp/aws\"]",
      "instances": [
        {
          "index_key": 0,
          "schema_version": 0,
          "attributes": {
            "gateway_id": "",
            "id": "rtbassoc-055d17b3ef3c2d79d",
            "route_table_id": "rtb-0e45796564ba8dd1d",
            "subnet_id": "subnet-00ac14aa9c876689d",
            "timeouts": null
          },
          "sensitive_attributes": [],
          "private": "eyJlMmJmYjczMC1lY2FhLTExZTYtOGY4OC0zNDM2M2JjN2M0YzAiOnsiY3JlYXRlIjozMDAwMDAwMDAwMDAsImRlbGV0ZSI6MzAwMDAwMDAwMDAwLCJ1cGRhdGUiOjEyMDAwMDAwMDAwMH19",
          "dependencies": [
            "module.vpc.aws_route_table.public",
            "module.vpc.aws_subnet.public",
            "module.vpc.aws_vpc.this",
            "module.vpc.aws_vpc_ipv4_cidr_block_association.this"
          ]
        },
        {
          "index_key": 1,
          "schema_version": 0,
          "attributes": {
            "gateway_id": "",
            "id": "rtbassoc-0b9f7f1df93a6f0ef",
            "route_table_id": "rtb-0e45796564ba8dd1d",
            "subnet_id": "subnet-0e1ff6fc1a10d781c",
            "timeouts": null
          },
          "sensitive_attributes": [],
          "private": "eyJlMmJmYjczMC1lY2FhLTExZTYtOGY4OC0zNDM2M2JjN2M0YzAiOnsiY3JlYXRlIjozMDAwMDAwMDAwMDAsImRlbGV0ZSI6MzAwMDAwMDAwMDAwLCJ1cGRhdGUiOjEyMDAwMDAwMDAwMH19",
          "dependencies": [
            "module.vpc.aws_route_table.public",
            "module.vpc.aws_subnet.public",
            "module.vpc.aws_vpc.this",
            "module.vpc.aws_vpc_ipv4_cidr_block_association.this"
          ]
        },
        {
          "index_key": 2,
          "schema_version": 0,
          "attributes": {
            "gateway_id": "",
            "id": "rtbassoc-047708f622490c0c8",
            "route_table_id": "rtb-0e45796564ba8dd1d",
            "subnet_id": "subnet-0148d8b1db9620586",
            "timeouts": null
          },
          "sensitive_attributes": [],
          "private": "eyJlMmJmYjczMC1lY2FhLTExZTYtOGY4OC0zNDM2M2JjN2M0YzAiOnsiY3JlYXRlIjozMDAwMDAwMDAwMDAsImRlbGV0ZSI6MzAwMDAwMDAwMDAwLCJ1cGRhdGUiOjEyMDAwMDAwMDAwMH19",
          "dependencies": [
            "module.vpc.aws_route_table.public",
            "module.vpc.aws_subnet.public",
            "module.vpc.aws_vpc.this",
            "module.vpc.aws_vpc_ipv4_cidr_block_association.this"
          ]
        }
      ]
    },
    {
      "module": "module.vpc",
      "mode": "managed",
      "type": "aws_subnet",
      "name": "private",
      "provider": "provider[\"registry.terraform.io/hashicorp/aws\"]",
      "instances": [
        {
          "index_key": 0,
          "schema_version": 1,
          "attributes": {
            "arn": "arn:aws:ec2:us-east-2:986868443354:subnet/subnet-06d3580925b1874ed",
            "assign_ipv6_address_on_creation": false,
            "availability_zone": "us-east-2a",
            "availability_zone_id": "use2-az1",
            "cidr_block": "172.21.4.0/24",
            "customer_owned_ipv4_pool": "",
            "enable_dns64": false,
            "enable_lni_at_device_index": 0,
            "enable_resource_name_dns_a_record_on_launch": false,
            "enable_resource_name_dns_aaaa_record_on_launch": false,
            "id": "subnet-06d3580925b1874ed",
            "ipv6_cidr_block": "",
            "ipv6_cidr_block_association_id": "",
            "ipv6_native": false,
            "map_customer_owned_ip_on_launch": false,
            "map_public_ip_on_launch": false,
            "outpost_arn": "",
            "owner_id": "986868443354",
            "private_dns_hostname_type_on_launch": "ip-name",
            "tags": {
              "Environment": "Prod",
              "Name": "vprofile-VPC-private-us-east-2a",
              "Terraform": "true"
            },
            "tags_all": {
              "Environment": "Prod",
              "Name": "vprofile-VPC-private-us-east-2a",
              "Terraform": "true"
            },
            "timeouts": null,
            "vpc_id": "vpc-002d7a20051df4f24"
          },
          "sensitive_attributes": [],
          "private": "eyJlMmJmYjczMC1lY2FhLTExZTYtOGY4OC0zNDM2M2JjN2M0YzAiOnsiY3JlYXRlIjo2MDAwMDAwMDAwMDAsImRlbGV0ZSI6MTIwMDAwMDAwMDAwMH0sInNjaGVtYV92ZXJzaW9uIjoiMSJ9",
          "dependencies": [
            "module.vpc.aws_vpc.this",
            "module.vpc.aws_vpc_ipv4_cidr_block_association.this"
          ]
        },
        {
          "index_key": 1,
          "schema_version": 1,
          "attributes": {
            "arn": "arn:aws:ec2:us-east-2:986868443354:subnet/subnet-09aa890539fca9f83",
            "assign_ipv6_address_on_creation": false,
            "availability_zone": "us-east-2b",
            "availability_zone_id": "use2-az2",
            "cidr_block": "172.21.5.0/24",
            "customer_owned_ipv4_pool": "",
            "enable_dns64": false,
            "enable_lni_at_device_index": 0,
            "enable_resource_name_dns_a_record_on_launch": false,
            "enable_resource_name_dns_aaaa_record_on_launch": false,
            "id": "subnet-09aa890539fca9f83",
            "ipv6_cidr_block": "",
            "ipv6_cidr_block_association_id": "",
            "ipv6_native": false,
            "map_customer_owned_ip_on_launch": false,
            "map_public_ip_on_launch": false,
            "outpost_arn": "",
            "owner_id": "986868443354",
            "private_dns_hostname_type_on_launch": "ip-name",
            "tags": {
              "Environment": "Prod",
              "Name": "vprofile-VPC-private-us-east-2b",
              "Terraform": "true"
            },
            "tags_all": {
              "Environment": "Prod",
              "Name": "vprofile-VPC-private-us-east-2b",
              "Terraform": "true"
            },
            "timeouts": null,
            "vpc_id": "vpc-002d7a20051df4f24"
          },
          "sensitive_attributes": [],
          "private": "eyJlMmJmYjczMC1lY2FhLTExZTYtOGY4OC0zNDM2M2JjN2M0YzAiOnsiY3JlYXRlIjo2MDAwMDAwMDAwMDAsImRlbGV0ZSI6MTIwMDAwMDAwMDAwMH0sInNjaGVtYV92ZXJzaW9uIjoiMSJ9",
          "dependencies": [
            "module.vpc.aws_vpc.this",
            "module.vpc.aws_vpc_ipv4_cidr_block_association.this"
          ]
        },
        {
          "index_key": 2,
          "schema_version": 1,
          "attributes": {
            "arn": "arn:aws:ec2:us-east-2:986868443354:subnet/subnet-0282310d508d3f919",
            "assign_ipv6_address_on_creation": false,
            "availability_zone": "us-east-2c",
            "availability_zone_id": "use2-az3",
            "cidr_block": "172.21.6.0/24",
            "customer_owned_ipv4_pool": "",
            "enable_dns64": false,
            "enable_lni_at_device_index": 0,
            "enable_resource_name_dns_a_record_on_launch": false,
            "enable_resource_name_dns_aaaa_record_on_launch": false,
            "id": "subnet-0282310d508d3f919",
            "ipv6_cidr_block": "",
            "ipv6_cidr_block_association_id": "",
            "ipv6_native": false,
            "map_customer_owned_ip_on_launch": false,
            "map_public_ip_on_launch": false,
            "outpost_arn": "",
            "owner_id": "986868443354",
            "private_dns_hostname_type_on_launch": "ip-name",
            "tags": {
              "Environment": "Prod",
              "Name": "vprofile-VPC-private-us-east-2c",
              "Terraform": "true"
            },
            "tags_all": {
              "Environment": "Prod",
              "Name": "vprofile-VPC-private-us-east-2c",
              "Terraform": "true"
            },
            "timeouts": null,
            "vpc_id": "vpc-002d7a20051df4f24"
          },
          "sensitive_attributes": [],
          "private": "eyJlMmJmYjczMC1lY2FhLTExZTYtOGY4OC0zNDM2M2JjN2M0YzAiOnsiY3JlYXRlIjo2MDAwMDAwMDAwMDAsImRlbGV0ZSI6MTIwMDAwMDAwMDAwMH0sInNjaGVtYV92ZXJzaW9uIjoiMSJ9",
          "dependencies": [
            "module.vpc.aws_vpc.this",
            "module.vpc.aws_vpc_ipv4_cidr_block_association.this"
          ]
        }
      ]
    },
    {
      "module": "module.vpc",
      "mode": "managed",
      "type": "aws_subnet",
      "name": "public",
      "provider": "provider[\"registry.terraform.io/hashicorp/aws\"]",
      "instances": [
        {
          "index_key": 0,
          "schema_version": 1,
          "attributes": {
            "arn": "arn:aws:ec2:us-east-2:986868443354:subnet/subnet-00ac14aa9c876689d",
            "assign_ipv6_address_on_creation": false,
            "availability_zone": "us-east-2a",
            "availability_zone_id": "use2-az1",
            "cidr_block": "172.21.1.0/24",
            "customer_owned_ipv4_pool": "",
            "enable_dns64": false,
            "enable_lni_at_device_index": 0,
            "enable_resource_name_dns_a_record_on_launch": false,
            "enable_resource_name_dns_aaaa_record_on_launch": false,
            "id": "subnet-00ac14aa9c876689d",
            "ipv6_cidr_block": "",
            "ipv6_cidr_block_association_id": "",
            "ipv6_native": false,
            "map_customer_owned_ip_on_launch": false,
            "map_public_ip_on_launch": false,
            "outpost_arn": "",
            "owner_id": "986868443354",
            "private_dns_hostname_type_on_launch": "ip-name",
            "tags": {
              "Environment": "Prod",
              "Name": "vprofile-VPC-public-us-east-2a",
              "Terraform": "true"
            },
            "tags_all": {
              "Environment": "Prod",
              "Name": "vprofile-VPC-public-us-east-2a",
              "Terraform": "true"
            },
            "timeouts": null,
            "vpc_id": "vpc-002d7a20051df4f24"
          },
          "sensitive_attributes": [],
          "private": "eyJlMmJmYjczMC1lY2FhLTExZTYtOGY4OC0zNDM2M2JjN2M0YzAiOnsiY3JlYXRlIjo2MDAwMDAwMDAwMDAsImRlbGV0ZSI6MTIwMDAwMDAwMDAwMH0sInNjaGVtYV92ZXJzaW9uIjoiMSJ9",
          "dependencies": [
            "module.vpc.aws_vpc.this",
            "module.vpc.aws_vpc_ipv4_cidr_block_association.this"
          ]
        },
        {
          "index_key": 1,
          "schema_version": 1,
          "attributes": {
            "arn": "arn:aws:ec2:us-east-2:986868443354:subnet/subnet-0e1ff6fc1a10d781c",
            "assign_ipv6_address_on_creation": false,
            "availability_zone": "us-east-2b",
            "availability_zone_id": "use2-az2",
            "cidr_block": "172.21.2.0/24",
            "customer_owned_ipv4_pool": "",
            "enable_dns64": false,
            "enable_lni_at_device_index": 0,
            "enable_resource_name_dns_a_record_on_launch": false,
            "enable_resource_name_dns_aaaa_record_on_launch": false,
            "id": "subnet-0e1ff6fc1a10d781c",
            "ipv6_cidr_block": "",
            "ipv6_cidr_block_association_id": "",
            "ipv6_native": false,
            "map_customer_owned_ip_on_launch": false,
            "map_public_ip_on_launch": false,
            "outpost_arn": "",
            "owner_id": "986868443354",
            "private_dns_hostname_type_on_launch": "ip-name",
            "tags": {
              "Environment": "Prod",
              "Name": "vprofile-VPC-public-us-east-2b",
              "Terraform": "true"
            },
            "tags_all": {
              "Environment": "Prod",
              "Name": "vprofile-VPC-public-us-east-2b",
              "Terraform": "true"
            },
            "timeouts": null,
            "vpc_id": "vpc-002d7a20051df4f24"
          },
          "sensitive_attributes": [],
          "private": "eyJlMmJmYjczMC1lY2FhLTExZTYtOGY4OC0zNDM2M2JjN2M0YzAiOnsiY3JlYXRlIjo2MDAwMDAwMDAwMDAsImRlbGV0ZSI6MTIwMDAwMDAwMDAwMH0sInNjaGVtYV92ZXJzaW9uIjoiMSJ9",
          "dependencies": [
            "module.vpc.aws_vpc.this",
            "module.vpc.aws_vpc_ipv4_cidr_block_association.this"
          ]
        },
        {
          "index_key": 2,
          "schema_version": 1,
          "attributes": {
            "arn": "arn:aws:ec2:us-east-2:986868443354:subnet/subnet-0148d8b1db9620586",
            "assign_ipv6_address_on_creation": false,
            "availability_zone": "us-east-2c",
            "availability_zone_id": "use2-az3",
            "cidr_block": "172.21.3.0/24",
            "customer_owned_ipv4_pool": "",
            "enable_dns64": false,
            "enable_lni_at_device_index": 0,
            "enable_resource_name_dns_a_record_on_launch": false,
            "enable_resource_name_dns_aaaa_record_on_launch": false,
            "id": "subnet-0148d8b1db9620586",
            "ipv6_cidr_block": "",
            "ipv6_cidr_block_association_id": "",
            "ipv6_native": false,
            "map_customer_owned_ip_on_launch": false,
            "map_public_ip_on_launch": false,
            "outpost_arn": "",
            "owner_id": "986868443354",
            "private_dns_hostname_type_on_launch": "ip-name",
            "tags": {
              "Environment": "Prod",
              "Name": "vprofile-VPC-public-us-east-2c",
              "Terraform": "true"
            },
            "tags_all": {
              "Environment": "Prod",
              "Name": "vprofile-VPC-public-us-east-2c",
              "Terraform": "true"
            },
            "timeouts": null,
            "vpc_id": "vpc-002d7a20051df4f24"
          },
          "sensitive_attributes": [],
          "private": "eyJlMmJmYjczMC1lY2FhLTExZTYtOGY4OC0zNDM2M2JjN2M0YzAiOnsiY3JlYXRlIjo2MDAwMDAwMDAwMDAsImRlbGV0ZSI6MTIwMDAwMDAwMDAwMH0sInNjaGVtYV92ZXJzaW9uIjoiMSJ9",
          "dependencies": [
            "module.vpc.aws_vpc.this",
            "module.vpc.aws_vpc_ipv4_cidr_block_association.this"
          ]
        }
      ]
    },
    {
      "module": "module.vpc",
      "mode": "managed",
      "type": "aws_vpc",
      "name": "this",
      "provider": "provider[\"registry.terraform.io/hashicorp/aws\"]",
      "instances": [
        {
          "index_key": 0,
          "schema_version": 1,
          "attributes": {
            "arn": "arn:aws:ec2:us-east-2:986868443354:vpc/vpc-002d7a20051df4f24",
            "assign_generated_ipv6_cidr_block": false,
            "cidr_block": "172.21.0.0/16",
            "default_network_acl_id": "acl-0b01d7ed00ea5eb9c",
            "default_route_table_id": "rtb-07cf1dab551309a65",
            "default_security_group_id": "sg-06b323cb690c2afa6",
            "dhcp_options_id": "dopt-02956f28e7549c4e3",
            "enable_dns_hostnames": true,
            "enable_dns_support": true,
            "enable_network_address_usage_metrics": false,
            "id": "vpc-002d7a20051df4f24",
            "instance_tenancy": "default",
            "ipv4_ipam_pool_id": null,
            "ipv4_netmask_length": null,
            "ipv6_association_id": "",
            "ipv6_cidr_block": "",
            "ipv6_cidr_block_network_border_group": "",
            "ipv6_ipam_pool_id": "",
            "ipv6_netmask_length": 0,
            "main_route_table_id": "rtb-07cf1dab551309a65",
            "owner_id": "986868443354",
            "tags": {
              "Environment": "Prod",
              "Name": "vprofile-VPC",
              "Terraform": "true"
            },
            "tags_all": {
              "Environment": "Prod",
              "Name": "vprofile-VPC",
              "Terraform": "true"
            }
          },
          "sensitive_attributes": [],
          "private": "eyJzY2hlbWFfdmVyc2lvbiI6IjEifQ=="
        }
      ]
    },
    {
      "module": "module.vpc",
      "mode": "managed",
      "type": "aws_vpc_ipv4_cidr_block_association",
      "name": "this",
      "provider": "provider[\"registry.terraform.io/hashicorp/aws\"]",
      "instances": []
    }
  ],
  "check_results": null
}
